
Microsoft Visual Studio Solution File, Format Version 12.00
# Visual Studio Version 16
VisualStudioVersion = 16.0.31729.503
MinimumVisualStudioVersion = 10.0.40219.1
Project("{FAE04EC0-301F-11D3-BF4B-00C04F79EFBC}") = "ApiCatalogoJogos", "ApiCatalogoJogos\ApiCatalogoJogos.csproj", "{774E0F8D-D06A-4B19-8FB7-8C8346ED7D71}"
EndProject
Global
	GlobalSection(SolutionConfigurationPlatforms) = preSolution
		Debug|Any CPU = Debug|Any CPU
		Release|Any CPU = Release|Any CPU
	EndGlobalSection
	GlobalSection(ProjectConfigurationPlatforms) = postSolution
		{774E0F8D-D06A-4B19-8FB7-8C8346ED7D71}.Debug|Any CPU.ActiveCfg = Debug|Any CPU
		{774E0F8D-D06A-4B19-8FB7-8C8346ED7D71}.Debug|Any CPU.Build.0 = Debug|Any CPU
		{774E0F8D-D06A-4B19-8FB7-8C8346ED7D71}.Release|Any CPU.ActiveCfg = Release|Any CPU
		{774E0F8D-D06A-4B19-8FB7-8C8346ED7D71}.Release|Any CPU.Build.0 = Release|Any CPU
	EndGlobalSection
	GlobalSection(SolutionProperties) = preSolution
		HideSolutionNode = FALSE
	EndGlobalSection
	GlobalSection(ExtensibilityGlobals) = postSolution
		SolutionGuid = {17C5160F-50D8-4EC5-852A-8B99F8FA9A6C}
	EndGlobalSection
EndGlobal
